{
  "object": {
    "pins": [
      {
        "package": "Flow",
        "repositoryURL": "https://github.com/philprime/Flow",
        "state": {
          "branch": null,
          "revision": "aac00f8f6c72d96d60dcaa3b32a4fcac0edd661c",
          "version": "1.0.2"
        }
      }
    ]
  },
  "version": 1
}
